
Microsoft Visual Studio Solution File, Format Version 12.00
# Visual Studio 14
VisualStudioVersion = 14.0.25123.0
MinimumVisualStudioVersion = 10.0.40219.1
Project("{FAE04EC0-301F-11D3-BF4B-00C04F79EFBC}") = "Ccharpentierl905.Negocio", "Ccharpentierl905.Negocio\Ccharpentierl905.Negocio.csproj", "{CF7BF658-1CC4-4933-B4D2-661D1296FB3B}"
EndProject
Project("{FAE04EC0-301F-11D3-BF4B-00C04F79EFBC}") = "Ccharpentierl905.Negocio.UnitTests", "Ccharpentierl905.Negocio.UnitTests\Ccharpentierl905.Negocio.UnitTests.csproj", "{DD9972A6-B72E-42D4-86F1-F3BB2986D31A}"
EndProject
Global
	GlobalSection(SolutionConfigurationPlatforms) = preSolution
		Debug|Any CPU = Debug|Any CPU
		Release|Any CPU = Release|Any CPU
	EndGlobalSection
	GlobalSection(ProjectConfigurationPlatforms) = postSolution
		{CF7BF658-1CC4-4933-B4D2-661D1296FB3B}.Debug|Any CPU.ActiveCfg = Debug|Any CPU
		{CF7BF658-1CC4-4933-B4D2-661D1296FB3B}.Debug|Any CPU.Build.0 = Debug|Any CPU
		{CF7BF658-1CC4-4933-B4D2-661D1296FB3B}.Release|Any CPU.ActiveCfg = Release|Any CPU
		{CF7BF658-1CC4-4933-B4D2-661D1296FB3B}.Release|Any CPU.Build.0 = Release|Any CPU
		{DD9972A6-B72E-42D4-86F1-F3BB2986D31A}.Debug|Any CPU.ActiveCfg = Debug|Any CPU
		{DD9972A6-B72E-42D4-86F1-F3BB2986D31A}.Debug|Any CPU.Build.0 = Debug|Any CPU
		{DD9972A6-B72E-42D4-86F1-F3BB2986D31A}.Release|Any CPU.ActiveCfg = Release|Any CPU
		{DD9972A6-B72E-42D4-86F1-F3BB2986D31A}.Release|Any CPU.Build.0 = Release|Any CPU
	EndGlobalSection
	GlobalSection(SolutionProperties) = preSolution
		HideSolutionNode = FALSE
	EndGlobalSection
EndGlobal
